
Microsoft Visual Studio Solution File, Format Version 12.00
# Visual Studio Version 16
VisualStudioVersion = 16.0.29519.181
MinimumVisualStudioVersion = 10.0.40219.1
Project("{FAE04EC0-301F-11D3-BF4B-00C04F79EFBC}") = "RefOutStringBuilder", "RefOutStringBuilder\RefOutStringBuilder.csproj", "{416B7BD1-D182-49AE-9C9F-5566D865CADF}"
EndProject
Global
	GlobalSection(SolutionConfigurationPlatforms) = preSolution
		Debug|Any CPU = Debug|Any CPU
		Release|Any CPU = Release|Any CPU
	EndGlobalSection
	GlobalSection(ProjectConfigurationPlatforms) = postSolution
		{416B7BD1-D182-49AE-9C9F-5566D865CADF}.Debug|Any CPU.ActiveCfg = Debug|Any CPU
		{416B7BD1-D182-49AE-9C9F-5566D865CADF}.Debug|Any CPU.Build.0 = Debug|Any CPU
		{416B7BD1-D182-49AE-9C9F-5566D865CADF}.Release|Any CPU.ActiveCfg = Release|Any CPU
		{416B7BD1-D182-49AE-9C9F-5566D865CADF}.Release|Any CPU.Build.0 = Release|Any CPU
	EndGlobalSection
	GlobalSection(SolutionProperties) = preSolution
		HideSolutionNode = FALSE
	EndGlobalSection
	GlobalSection(ExtensibilityGlobals) = postSolution
		SolutionGuid = {9214D29E-1525-4A5C-AAA5-E28DEFF42C04}
	EndGlobalSection
EndGlobal
